// !$*UTF8*$!
{
	archiveVersion = 1;
	classes = {
	};
	objectVersion = 56;
	objects = {

/* Begin PBXBuildFile section */
		F67B2CC029A83865005D1FCB /* alabappApp.swift in Sources */ = {isa = PBXBuildFile; fileRef = F67B2CBF29A83865005D1FCB /* alabappApp.swift */; };
		F67B2CC229A83865005D1FCB /* ContentView.swift in Sources */ = {isa = PBXBuildFile; fileRef = F67B2CC129A83865005D1FCB /* ContentView.swift */; };
		F67B2CC429A83868005D1FCB /* Assets.xcassets in Resources */ = {isa = PBXBuildFile; fileRef = F67B2CC329A83868005D1FCB /* Assets.xcassets */; };
		F67B2CC829A83868005D1FCB /* Preview Assets.xcassets in Resources */ = {isa = PBXBuildFile; fileRef = F67B2CC729A83868005D1FCB /* Preview Assets.xcassets */; };
		F67B2CD229A83868005D1FCB /* alabappTests.swift in Sources */ = {isa = PBXBuildFile; fileRef = F67B2CD129A83868005D1FCB /* alabappTests.swift */; };
		F67B2CDC29A83868005D1FCB /* alabappUITests.swift in Sources */ = {isa = PBXBuildFile; fileRef = F67B2CDB29A83868005D1FCB /* alabappUITests.swift */; };
		F67B2CDE29A83868005D1FCB /* alabappUITestsLaunchTests.swift in Sources */ = {isa = PBXBuildFile; fileRef = F67B2CDD29A83868005D1FCB /* alabappUITestsLaunchTests.swift */; };
/* End PBXBuildFile section */

/* Begin PBXContainerItemProxy section */
		F67B2CCE29A83868005D1FCB /* PBXContainerItemProxy */ = {
			isa = PBXContainerItemProxy;
			containerPortal = F67B2CB429A83865005D1FCB /* Project object */;
			proxyType = 1;
			remoteGlobalIDString = F67B2CBB29A83865005D1FCB;
			remoteInfo = alabapp;
		};
		F67B2CD829A83868005D1FCB /* PBXContainerItemProxy */ = {
			isa = PBXContainerItemProxy;
			containerPortal = F67B2CB429A83865005D1FCB /* Project object */;
			proxyType = 1;
			remoteGlobalIDString = F67B2CBB29A83865005D1FCB;
			remoteInfo = alabapp;
		};
/* End PBXContainerItemProxy section */

/* Begin PBXFileReference section */
		F67B2CBC29A83865005D1FCB /* alabapp.app */ = {isa = PBXFileReference; explicitFileType = wrapper.application; includeInIndex = 0; path = alabapp.app; sourceTree = BUILT_PRODUCTS_DIR; };
		F67B2CBF29A83865005D1FCB /* alabappApp.swift */ = {isa = PBXFileReference; lastKnownFileType = sourcecode.swift; path = alabappApp.swift; sourceTree = "<group>"; };
		F67B2CC129A83865005D1FCB /* ContentView.swift */ = {isa = PBXFileReference; lastKnownFileType = sourcecode.swift; path = ContentView.swift; sourceTree = "<group>"; };
		F67B2CC329A83868005D1FCB /* Assets.xcassets */ = {isa = PBXFileReference; lastKnownFileType = folder.assetcatalog; path = Assets.xcassets; sourceTree = "<group>"; };
		F67B2CC529A83868005D1FCB /* alabapp.entitlements */ = {isa = PBXFileReference; lastKnownFileType = text.plist.entitlements; path = alabapp.entitlements; sourceTree = "<group>"; };
		F67B2CC729A83868005D1FCB /* Preview Assets.xcassets */ = {isa = PBXFileReference; lastKnownFileType = folder.assetcatalog; path = "Preview Assets.xcassets"; sourceTree = "<group>"; };
		F67B2CCD29A83868005D1FCB /* alabappTests.xctest */ = {isa = PBXFileReference; explicitFileType = wrapper.cfbundle; includeInIndex = 0; path = alabappTests.xctest; sourceTree = BUILT_PRODUCTS_DIR; };
		F67B2CD129A83868005D1FCB /* alabappTests.swift */ = {isa = PBXFileReference; lastKnownFileType = sourcecode.swift; path = alabappTests.swift; sourceTree = "<group>"; };
		F67B2CD729A83868005D1FCB /* alabappUITests.xctest */ = {isa = PBXFileReference; explicitFileType = wrapper.cfbundle; includeInIndex = 0; path = alabappUITests.xctest; sourceTree = BUILT_PRODUCTS_DIR; };
		F67B2CDB29A83868005D1FCB /* alabappUITests.swift */ = {isa = PBXFileReference; lastKnownFileType = sourcecode.swift; path = alabappUITests.swift; sourceTree = "<group>"; };
		F67B2CDD29A83868005D1FCB /* alabappUITestsLaunchTests.swift */ = {isa = PBXFileReference; lastKnownFileType = sourcecode.swift; path = alabappUITestsLaunchTests.swift; sourceTree = "<group>"; };
/* End PBXFileReference section */

/* Begin PBXFrameworksBuildPhase section */
		F67B2CB929A83865005D1FCB /* Frameworks */ = {
			isa = PBXFrameworksBuildPhase;
			buildActionMask = 2147483647;
			files = (
			);
			runOnlyForDeploymentPostprocessing = 0;
		};
		F67B2CCA29A83868005D1FCB /* Frameworks */ = {
			isa = PBXFrameworksBuildPhase;
			buildActionMask = 2147483647;
			files = (
			);
			runOnlyForDeploymentPostprocessing = 0;
		};
		F67B2CD429A83868005D1FCB /* Frameworks */ = {
			isa = PBXFrameworksBuildPhase;
			buildActionMask = 2147483647;
			files = (
			);
			runOnlyForDeploymentPostprocessing = 0;
		};
/* End PBXFrameworksBuildPhase section */

/* Begin PBXGroup section */
		F67B2CB329A83865005D1FCB = {
			isa = PBXGroup;
			children = (
				F67B2CBE29A83865005D1FCB /* alabapp */,
				F67B2CD029A83868005D1FCB /* alabappTests */,
				F67B2CDA29A83868005D1FCB /* alabappUITests */,
				F67B2CBD29A83865005D1FCB /* Products */,
			);
			sourceTree = "<group>";
		};
		F67B2CBD29A83865005D1FCB /* Products */ = {
			isa = PBXGroup;
			children = (
				F67B2CBC29A83865005D1FCB /* alabapp.app */,
				F67B2CCD29A83868005D1FCB /* alabappTests.xctest */,
				F67B2CD729A83868005D1FCB /* alabappUITests.xctest */,
			);
			name = Products;
			sourceTree = "<group>";
		};
		F67B2CBE29A83865005D1FCB /* alabapp */ = {
			isa = PBXGroup;
			children = (
				F67B2CBF29A83865005D1FCB /* alabappApp.swift */,
				F67B2CC129A83865005D1FCB /* ContentView.swift */,
				F67B2CC329A83868005D1FCB /* Assets.xcassets */,
				F67B2CC529A83868005D1FCB /* alabapp.entitlements */,
				F67B2CC629A83868005D1FCB /* Preview Content */,
			);
			path = alabapp;
			sourceTree = "<group>";
		};
		F67B2CC629A83868005D1FCB /* Preview Content */ = {
			isa = PBXGroup;
			children = (
				F67B2CC729A83868005D1FCB /* Preview Assets.xcassets */,
			);
			path = "Preview Content";
			sourceTree = "<group>";
		};
		F67B2CD029A83868005D1FCB /* alabappTests */ = {
			isa = PBXGroup;
			children = (
				F67B2CD129A83868005D1FCB /* alabappTests.swift */,
			);
			path = alabappTests;
			sourceTree = "<group>";
		};
		F67B2CDA29A83868005D1FCB /* alabappUITests */ = {
			isa = PBXGroup;
			children = (
				F67B2CDB29A83868005D1FCB /* alabappUITests.swift */,
				F67B2CDD29A83868005D1FCB /* alabappUITestsLaunchTests.swift */,
			);
			path = alabappUITests;
			sourceTree = "<group>";
		};
/* End PBXGroup section */

/* Begin PBXNativeTarget section */
		F67B2CBB29A83865005D1FCB /* alabapp */ = {
			isa = PBXNativeTarget;
			buildConfigurationList = F67B2CE129A83868005D1FCB /* Build configuration list for PBXNativeTarget "alabapp" */;
			buildPhases = (
				F67B2CB829A83865005D1FCB /* Sources */,
				F67B2CB929A83865005D1FCB /* Frameworks */,
				F67B2CBA29A83865005D1FCB /* Resources */,
			);
			buildRules = (
			);
			dependencies = (
			);
			name = alabapp;
			productName = alabapp;
			productReference = F67B2CBC29A83865005D1FCB /* alabapp.app */;
			productType = "com.apple.product-type.application";
		};
		F67B2CCC29A83868005D1FCB /* alabappTests */ = {
			isa = PBXNativeTarget;
			buildConfigurationList = F67B2CE429A83868005D1FCB /* Build configuration list for PBXNativeTarget "alabappTests" */;
			buildPhases = (
				F67B2CC929A83868005D1FCB /* Sources */,
				F67B2CCA29A83868005D1FCB /* Frameworks */,
				F67B2CCB29A83868005D1FCB /* Resources */,
			);
			buildRules = (
			);
			dependencies = (
				F67B2CCF29A83868005D1FCB /* PBXTargetDependency */,
			);
			name = alabappTests;
			productName = alabappTests;
			productReference = F67B2CCD29A83868005D1FCB /* alabappTests.xctest */;
			productType = "com.apple.product-type.bundle.unit-test";
		};
		F67B2CD629A83868005D1FCB /* alabappUITests */ = {
			isa = PBXNativeTarget;
			buildConfigurationList = F67B2CE729A83868005D1FCB /* Build configuration list for PBXNativeTarget "alabappUITests" */;
			buildPhases = (
				F67B2CD329A83868005D1FCB /* Sources */,
				F67B2CD429A83868005D1FCB /* Frameworks */,
				F67B2CD529A83868005D1FCB /* Resources */,
			);
			buildRules = (
			);
			dependencies = (
				F67B2CD929A83868005D1FCB /* PBXTargetDependency */,
			);
			name = alabappUITests;
			productName = alabappUITests;
			productReference = F67B2CD729A83868005D1FCB /* alabappUITests.xctest */;
			productType = "com.apple.product-type.bundle.ui-testing";
		};
/* End PBXNativeTarget section */

/* Begin PBXProject section */
		F67B2CB429A83865005D1FCB /* Project object */ = {
			isa = PBXProject;
			attributes = {
				BuildIndependentTargetsInParallel = 1;
				LastSwiftUpdateCheck = 1420;
				LastUpgradeCheck = 1420;
				TargetAttributes = {
					F67B2CBB29A83865005D1FCB = {
						CreatedOnToolsVersion = 14.2;
					};
					F67B2CCC29A83868005D1FCB = {
						CreatedOnToolsVersion = 14.2;
						TestTargetID = F67B2CBB29A83865005D1FCB;
					};
					F67B2CD629A83868005D1FCB = {
						CreatedOnToolsVersion = 14.2;
						TestTargetID = F67B2CBB29A83865005D1FCB;
					};
				};
			};
			buildConfigurationList = F67B2CB729A83865005D1FCB /* Build configuration list for PBXProject "alabapp" */;
			compatibilityVersion = "Xcode 14.0";
			developmentRegion = en;
			hasScannedForEncodings = 0;
			knownRegions = (
				en,
				Base,
			);
			mainGroup = F67B2CB329A83865005D1FCB;
			productRefGroup = F67B2CBD29A83865005D1FCB /* Products */;
			projectDirPath = "";
			projectRoot = "";
			targets = (
				F67B2CBB29A83865005D1FCB /* alabapp */,
				F67B2CCC29A83868005D1FCB /* alabappTests */,
				F67B2CD629A83868005D1FCB /* alabappUITests */,
			);
		};
/* End PBXProject section */

/* Begin PBXResourcesBuildPhase section */
		F67B2CBA29A83865005D1FCB /* Resources */ = {
			isa = PBXResourcesBuildPhase;
			buildActionMask = 2147483647;
			files = (
				F67B2CC829A83868005D1FCB /* Preview Assets.xcassets in Resources */,
				F67B2CC429A83868005D1FCB /* Assets.xcassets in Resources */,
			);
			runOnlyForDeploymentPostprocessing = 0;
		};
		F67B2CCB29A83868005D1FCB /* Resources */ = {
			isa = PBXResourcesBuildPhase;
			buildActionMask = 2147483647;
			files = (
			);
			runOnlyForDeploymentPostprocessing = 0;
		};
		F67B2CD529A83868005D1FCB /* Resources */ = {
			isa = PBXResourcesBuildPhase;
			buildActionMask = 2147483647;
			files = (
			);
			runOnlyForDeploymentPostprocessing = 0;
		};
/* End PBXResourcesBuildPhase section */

/* Begin PBXSourcesBuildPhase section */
		F67B2CB829A83865005D1FCB /* Sources */ = {
			isa = PBXSourcesBuildPhase;
			buildActionMask = 2147483647;
			files = (
				F67B2CC229A83865005D1FCB /* ContentView.swift in Sources */,
				F67B2CC029A83865005D1FCB /* alabappApp.swift in Sources */,
			);
			runOnlyForDeploymentPostprocessing = 0;
		};
		F67B2CC929A83868005D1FCB /* Sources */ = {
			isa = PBXSourcesBuildPhase;
			buildActionMask = 2147483647;
			files = (
				F67B2CD229A83868005D1FCB /* alabappTests.swift in Sources */,
			);
			runOnlyForDeploymentPostprocessing = 0;
		};
		F67B2CD329A83868005D1FCB /* Sources */ = {
			isa = PBXSourcesBuildPhase;
			buildActionMask = 2147483647;
			files = (
				F67B2CDE29A83868005D1FCB /* alabappUITestsLaunchTests.swift in Sources */,
				F67B2CDC29A83868005D1FCB /* alabappUITests.swift in Sources */,
			);
			runOnlyForDeploymentPostprocessing = 0;
		};
/* End PBXSourcesBuildPhase section */

/* Begin PBXTargetDependency section */
		F67B2CCF29A83868005D1FCB /* PBXTargetDependency */ = {
			isa = PBXTargetDependency;
			target = F67B2CBB29A83865005D1FCB /* alabapp */;
			targetProxy = F67B2CCE29A83868005D1FCB /* PBXContainerItemProxy */;
		};
		F67B2CD929A83868005D1FCB /* PBXTargetDependency */ = {
			isa = PBXTargetDependency;
			target = F67B2CBB29A83865005D1FCB /* alabapp */;
			targetProxy = F67B2CD829A83868005D1FCB /* PBXContainerItemProxy */;
		};
/* End PBXTargetDependency section */

/* Begin XCBuildConfiguration section */
		F67B2CDF29A83868005D1FCB /* Debug */ = {
			isa = XCBuildConfiguration;
			buildSettings = {
				ALWAYS_SEARCH_USER_PATHS = NO;
				CLANG_ANALYZER_NONNULL = YES;
				CLANG_ANALYZER_NUMBER_OBJECT_CONVERSION = YES_AGGRESSIVE;
				CLANG_CXX_LANGUAGE_STANDARD = "gnu++20";
				CLANG_ENABLE_MODULES = YES;
				CLANG_ENABLE_OBJC_ARC = YES;
				CLANG_ENABLE_OBJC_WEAK = YES;
				CLANG_WARN_BLOCK_CAPTURE_AUTORELEASING = YES;
				CLANG_WARN_BOOL_CONVERSION = YES;
				CLANG_WARN_COMMA = YES;
				CLANG_WARN_CONSTANT_CONVERSION = YES;
				CLANG_WARN_DEPRECATED_OBJC_IMPLEMENTATIONS = YES;
				CLANG_WARN_DIRECT_OBJC_ISA_USAGE = YES_ERROR;
				CLANG_WARN_DOCUMENTATION_COMMENTS = YES;
				CLANG_WARN_EMPTY_BODY = YES;
				CLANG_WARN_ENUM_CONVERSION = YES;
				CLANG_WARN_INFINITE_RECURSION = YES;
				CLANG_WARN_INT_CONVERSION = YES;
				CLANG_WARN_NON_LITERAL_NULL_CONVERSION = YES;
				CLANG_WARN_OBJC_IMPLICIT_RETAIN_SELF = YES;
				CLANG_WARN_OBJC_LITERAL_CONVERSION = YES;
				CLANG_WARN_OBJC_ROOT_CLASS = YES_ERROR;
				CLANG_WARN_QUOTED_INCLUDE_IN_FRAMEWORK_HEADER = YES;
				CLANG_WARN_RANGE_LOOP_ANALYSIS = YES;
				CLANG_WARN_STRICT_PROTOTYPES = YES;
				CLANG_WARN_SUSPICIOUS_MOVE = YES;
				CLANG_WARN_UNGUARDED_AVAILABILITY = YES_AGGRESSIVE;
				CLANG_WARN_UNREACHABLE_CODE = YES;
				CLANG_WARN__DUPLICATE_METHOD_MATCH = YES;
				COPY_PHASE_STRIP = NO;
				DEBUG_INFORMATION_FORMAT = dwarf;
				ENABLE_STRICT_OBJC_MSGSEND = YES;
				ENABLE_TESTABILITY = YES;
				GCC_C_LANGUAGE_STANDARD = gnu11;
				GCC_DYNAMIC_NO_PIC = NO;
				GCC_NO_COMMON_BLOCKS = YES;
				GCC_OPTIMIZATION_LEVEL = 0;
				GCC_PREPROCESSOR_DEFINITIONS = (
					"DEBUG=1",
					"$(inherited)",
				);
				GCC_WARN_64_TO_32_BIT_CONVERSION = YES;
				GCC_WARN_ABOUT_RETURN_TYPE = YES_ERROR;
				GCC_WARN_UNDECLARED_SELECTOR = YES;
				GCC_WARN_UNINITIALIZED_AUTOS = YES_AGGRESSIVE;
				GCC_WARN_UNUSED_FUNCTION = YES;
				GCC_WARN_UNUSED_VARIABLE = YES;
				MTL_ENABLE_DEBUG_INFO = INCLUDE_SOURCE;
				MTL_FAST_MATH = YES;
				ONLY_ACTIVE_ARCH = YES;
				SWIFT_ACTIVE_COMPILATION_CONDITIONS = DEBUG;
				SWIFT_OPTIMIZATION_LEVEL = "-Onone";
			};
			name = Debug;
		};
		F67B2CE029A83868005D1FCB /* Release */ = {
			isa = XCBuildConfiguration;
			buildSettings = {
				ALWAYS_SEARCH_USER_PATHS = NO;
				CLANG_ANALYZER_NONNULL = YES;
				CLANG_ANALYZER_NUMBER_OBJECT_CONVERSION = YES_AGGRESSIVE;
				CLANG_CXX_LANGUAGE_STANDARD = "gnu++20";
				CLANG_ENABLE_MODULES = YES;
				CLANG_ENABLE_OBJC_ARC = YES;
				CLANG_ENABLE_OBJC_WEAK = YES;
				CLANG_WARN_BLOCK_CAPTURE_AUTORELEASING = YES;
				CLANG_WARN_BOOL_CONVERSION = YES;
				CLANG_WARN_COMMA = YES;
				CLANG_WARN_CONSTANT_CONVERSION = YES;
				CLANG_WARN_DEPRECATED_OBJC_IMPLEMENTATIONS = YES;
				CLANG_WARN_DIRECT_OBJC_ISA_USAGE = YES_ERROR;
				CLANG_WARN_DOCUMENTATION_COMMENTS = YES;
				CLANG_WARN_EMPTY_BODY = YES;
				CLANG_WARN_ENUM_CONVERSION = YES;
				CLANG_WARN_INFINITE_RECURSION = YES;
				CLANG_WARN_INT_CONVERSION = YES;
				CLANG_WARN_NON_LITERAL_NULL_CONVERSION = YES;
				CLANG_WARN_OBJC_IMPLICIT_RETAIN_SELF = YES;
				CLANG_WARN_OBJC_LITERAL_CONVERSION = YES;
				CLANG_WARN_OBJC_ROOT_CLASS = YES_ERROR;
				CLANG_WARN_QUOTED_INCLUDE_IN_FRAMEWORK_HEADER = YES;
				CLANG_WARN_RANGE_LOOP_ANALYSIS = YES;
				CLANG_WARN_STRICT_PROTOTYPES = YES;
				CLANG_WARN_SUSPICIOUS_MOVE = YES;
				CLANG_WARN_UNGUARDED_AVAILABILITY = YES_AGGRESSIVE;
				CLANG_WARN_UNREACHABLE_CODE = YES;
				CLANG_WARN__DUPLICATE_METHOD_MATCH = YES;
				COPY_PHASE_STRIP = NO;
				DEBUG_INFORMATION_FORMAT = "dwarf-with-dsym";
				ENABLE_NS_ASSERTIONS = NO;
				ENABLE_STRICT_OBJC_MSGSEND = YES;
				GCC_C_LANGUAGE_STANDARD = gnu11;
				GCC_NO_COMMON_BLOCKS = YES;
				GCC_WARN_64_TO_32_BIT_CONVERSION = YES;
				GCC_WARN_ABOUT_RETURN_TYPE = YES_ERROR;
				GCC_WARN_UNDECLARED_SELECTOR = YES;
				GCC_WARN_UNINITIALIZED_AUTOS = YES_AGGRESSIVE;
				GCC_WARN_UNUSED_FUNCTION = YES;
				GCC_WARN_UNUSED_VARIABLE = YES;
				MTL_ENABLE_DEBUG_INFO = NO;
				MTL_FAST_MATH = YES;
				SWIFT_COMPILATION_MODE = wholemodule;
				SWIFT_OPTIMIZATION_LEVEL = "-O";
			};
			name = Release;
		};
		F67B2CE229A83868005D1FCB /* Debug */ = {
			isa = XCBuildConfiguration;
			buildSettings = {
				ASSETCATALOG_COMPILER_APPICON_NAME = AppIcon;
				ASSETCATALOG_COMPILER_GLOBAL_ACCENT_COLOR_NAME = AccentColor;
				CODE_SIGN_ENTITLEMENTS = alabapp/alabapp.entitlements;
				CODE_SIGN_STYLE = Automatic;
				CURRENT_PROJECT_VERSION = 1;
				DEVELOPMENT_ASSET_PATHS = "\"alabapp/Preview Content\"";
				ENABLE_PREVIEWS = YES;
				GENERATE_INFOPLIST_FILE = YES;
				"INFOPLIST_KEY_UIApplicationSceneManifest_Generation[sdk=iphoneos*]" = YES;
				"INFOPLIST_KEY_UIApplicationSceneManifest_Generation[sdk=iphonesimulator*]" = YES;
				"INFOPLIST_KEY_UIApplicationSupportsIndirectInputEvents[sdk=iphoneos*]" = YES;
				"INFOPLIST_KEY_UIApplicationSupportsIndirectInputEvents[sdk=iphonesimulator*]" = YES;
				"INFOPLIST_KEY_UILaunchScreen_Generation[sdk=iphoneos*]" = YES;
				"INFOPLIST_KEY_UILaunchScreen_Generation[sdk=iphonesimulator*]" = YES;
				"INFOPLIST_KEY_UIStatusBarStyle[sdk=iphoneos*]" = UIStatusBarStyleDefault;
				"INFOPLIST_KEY_UIStatusBarStyle[sdk=iphonesimulator*]" = UIStatusBarStyleDefault;
				INFOPLIST_KEY_UISupportedInterfaceOrientations_iPad = "UIInterfaceOrientationPortrait UIInterfaceOrientationPortraitUpsideDown UIInterfaceOrientationLandscapeLeft UIInterfaceOrientationLandscapeRight";
				INFOPLIST_KEY_UISupportedInterfaceOrientations_iPhone = "UIInterfaceOrientationPortrait UIInterfaceOrientationLandscapeLeft UIInterfaceOrientationLandscapeRight";
				IPHONEOS_DEPLOYMENT_TARGET = 16.2;
				LD_RUNPATH_SEARCH_PATHS = "@executable_path/Frameworks";
				"LD_RUNPATH_SEARCH_PATHS[sdk=macosx*]" = "@executable_path/../Frameworks";
				MACOSX_DEPLOYMENT_TARGET = 13.1;
				MARKETING_VERSION = 1.0;
				PRODUCT_BUNDLE_IDENTIFIER = com.alabastergroup.com.alabapp;
				PRODUCT_NAME = "$(TARGET_NAME)";
				SDKROOT = auto;
				SUPPORTED_PLATFORMS = "iphoneos iphonesimulator macosx";
				SWIFT_EMIT_LOC_STRINGS = YES;
				SWIFT_VERSION = 5.0;
				TARGETED_DEVICE_FAMILY = "1,2";
			};
			name = Debug;
		};
		F67B2CE329A83868005D1FCB /* Release */ = {
			isa = XCBuildConfiguration;
			buildSettings = {
				ASSETCATALOG_COMPILER_APPICON_NAME = AppIcon;
				ASSETCATALOG_COMPILER_GLOBAL_ACCENT_COLOR_NAME = AccentColor;
				CODE_SIGN_ENTITLEMENTS = alabapp/alabapp.entitlements;
				CODE_SIGN_STYLE = Automatic;
				CURRENT_PROJECT_VERSION = 1;
				DEVELOPMENT_ASSET_PATHS = "\"alabapp/Preview Content\"";
				ENABLE_PREVIEWS = YES;
				GENERATE_INFOPLIST_FILE = YES;
				"INFOPLIST_KEY_UIApplicationSceneManifest_Generation[sdk=iphoneos*]" = YES;
				"INFOPLIST_KEY_UIApplicationSceneManifest_Generation[sdk=iphonesimulator*]" = YES;
				"INFOPLIST_KEY_UIApplicationSupportsIndirectInputEvents[sdk=iphoneos*]" = YES;
				"INFOPLIST_KEY_UIApplicationSupportsIndirectInputEvents[sdk=iphonesimulator*]" = YES;
				"INFOPLIST_KEY_UILaunchScreen_Generation[sdk=iphoneos*]" = YES;
				"INFOPLIST_KEY_UILaunchScreen_Generation[sdk=iphonesimulator*]" = YES;
				"INFOPLIST_KEY_UIStatusBarStyle[sdk=iphoneos*]" = UIStatusBarStyleDefault;
				"INFOPLIST_KEY_UIStatusBarStyle[sdk=iphonesimulator*]" = UIStatusBarStyleDefault;
				INFOPLIST_KEY_UISupportedInterfaceOrientations_iPad = "UIInterfaceOrientationPortrait UIInterfaceOrientationPortraitUpsideDown UIInterfaceOrientationLandscapeLeft UIInterfaceOrientationLandscapeRight";
				INFOPLIST_KEY_UISupportedInterfaceOrientations_iPhone = "UIInterfaceOrientationPortrait UIInterfaceOrientationLandscapeLeft UIInterfaceOrientationLandscapeRight";
				IPHONEOS_DEPLOYMENT_TARGET = 16.2;
				LD_RUNPATH_SEARCH_PATHS = "@executable_path/Frameworks";
				"LD_RUNPATH_SEARCH_PATHS[sdk=macosx*]" = "@executable_path/../Frameworks";
				MACOSX_DEPLOYMENT_TARGET = 13.1;
				MARKETING_VERSION = 1.0;
				PRODUCT_BUNDLE_IDENTIFIER = com.alabastergroup.com.alabapp;
				PRODUCT_NAME = "$(TARGET_NAME)";
				SDKROOT = auto;
				SUPPORTED_PLATFORMS = "iphoneos iphonesimulator macosx";
				SWIFT_EMIT_LOC_STRINGS = YES;
				SWIFT_VERSION = 5.0;
				TARGETED_DEVICE_FAMILY = "1,2";
			};
			name = Release;
		};
		F67B2CE529A83868005D1FCB /* Debug */ = {
			isa = XCBuildConfiguration;
			buildSettings = {
				ALWAYS_EMBED_SWIFT_STANDARD_LIBRARIES = YES;
				BUNDLE_LOADER = "$(TEST_HOST)";
				CODE_SIGN_STYLE = Automatic;
				CURRENT_PROJECT_VERSION = 1;
				GENERATE_INFOPLIST_FILE = YES;
				IPHONEOS_DEPLOYMENT_TARGET = 16.2;
				MACOSX_DEPLOYMENT_TARGET = 13.1;
				MARKETING_VERSION = 1.0;
				PRODUCT_BUNDLE_IDENTIFIER = com.alabastergroup.com.alabappTests;
				PRODUCT_NAME = "$(TARGET_NAME)";
				SDKROOT = auto;
				SUPPORTED_PLATFORMS = "iphoneos iphonesimulator macosx";
				SWIFT_EMIT_LOC_STRINGS = NO;
				SWIFT_VERSION = 5.0;
				TARGETED_DEVICE_FAMILY = "1,2";
				TEST_HOST = "$(BUILT_PRODUCTS_DIR)/alabapp.app/$(BUNDLE_EXECUTABLE_FOLDER_PATH)/alabapp";
			};
			name = Debug;
		};
		F67B2CE629A83868005D1FCB /* Release */ = {
			isa = XCBuildConfiguration;
			buildSettings = {
				ALWAYS_EMBED_SWIFT_STANDARD_LIBRARIES = YES;
				BUNDLE_LOADER = "$(TEST_HOST)";
				CODE_SIGN_STYLE = Automatic;
				CURRENT_PROJECT_VERSION = 1;
				GENERATE_INFOPLIST_FILE = YES;
				IPHONEOS_DEPLOYMENT_TARGET = 16.2;
				MACOSX_DEPLOYMENT_TARGET = 13.1;
				MARKETING_VERSION = 1.0;
				PRODUCT_BUNDLE_IDENTIFIER = com.alabastergroup.com.alabappTests;
				PRODUCT_NAME = "$(TARGET_NAME)";
				SDKROOT = auto;
				SUPPORTED_PLATFORMS = "iphoneos iphonesimulator macosx";
				SWIFT_EMIT_LOC_STRINGS = NO;
				SWIFT_VERSION = 5.0;
				TARGETED_DEVICE_FAMILY = "1,2";
				TEST_HOST = "$(BUILT_PRODUCTS_DIR)/alabapp.app/$(BUNDLE_EXECUTABLE_FOLDER_PATH)/alabapp";
			};
			name = Release;
		};
		F67B2CE829A83868005D1FCB /* Debug */ = {
			isa = XCBuildConfiguration;
			buildSettings = {
				ALWAYS_EMBED_SWIFT_STANDARD_LIBRARIES = YES;
				CODE_SIGN_STYLE = Automatic;
				CURRENT_PROJECT_VERSION = 1;
				GENERATE_INFOPLIST_FILE = YES;
				IPHONEOS_DEPLOYMENT_TARGET = 16.2;
				MACOSX_DEPLOYMENT_TARGET = 13.1;
				MARKETING_VERSION = 1.0;
				PRODUCT_BUNDLE_IDENTIFIER = com.alabastergroup.com.alabappUITests;
				PRODUCT_NAME = "$(TARGET_NAME)";
				SDKROOT = auto;
				SUPPORTED_PLATFORMS = "iphoneos iphonesimulator macosx";
				SWIFT_EMIT_LOC_STRINGS = NO;
				SWIFT_VERSION = 5.0;
				TARGETED_DEVICE_FAMILY = "1,2";
				TEST_TARGET_NAME = alabapp;
			};
			name = Debug;
		};
		F67B2CE929A83868005D1FCB /* Release */ = {
			isa = XCBuildConfiguration;
			buildSettings = {
				ALWAYS_EMBED_SWIFT_STANDARD_LIBRARIES = YES;
				CODE_SIGN_STYLE = Automatic;
				CURRENT_PROJECT_VERSION = 1;
				GENERATE_INFOPLIST_FILE = YES;
				IPHONEOS_DEPLOYMENT_TARGET = 16.2;
				MACOSX_DEPLOYMENT_TARGET = 13.1;
				MARKETING_VERSION = 1.0;
				PRODUCT_BUNDLE_IDENTIFIER = com.alabastergroup.com.alabappUITests;
				PRODUCT_NAME = "$(TARGET_NAME)";
				SDKROOT = auto;
				SUPPORTED_PLATFORMS = "iphoneos iphonesimulator macosx";
				SWIFT_EMIT_LOC_STRINGS = NO;
				SWIFT_VERSION = 5.0;
				TARGETED_DEVICE_FAMILY = "1,2";
				TEST_TARGET_NAME = alabapp;
			};
			name = Release;
		};
/* End XCBuildConfiguration section */

/* Begin XCConfigurationList section */
		F67B2CB729A83865005D1FCB /* Build configuration list for PBXProject "alabapp" */ = {
			isa = XCConfigurationList;
			buildConfigurations = (
				F67B2CDF29A83868005D1FCB /* Debug */,
				F67B2CE029A83868005D1FCB /* Release */,
			);
			defaultConfigurationIsVisible = 0;
			defaultConfigurationName = Release;
		};
		F67B2CE129A83868005D1FCB /* Build configuration list for PBXNativeTarget "alabapp" */ = {
			isa = XCConfigurationList;
			buildConfigurations = (
				F67B2CE229A83868005D1FCB /* Debug */,
				F67B2CE329A83868005D1FCB /* Release */,
			);
			defaultConfigurationIsVisible = 0;
			defaultConfigurationName = Release;
		};
		F67B2CE429A83868005D1FCB /* Build configuration list for PBXNativeTarget "alabappTests" */ = {
			isa = XCConfigurationList;
			buildConfigurations = (
				F67B2CE529A83868005D1FCB /* Debug */,
				F67B2CE629A83868005D1FCB /* Release */,
			);
			defaultConfigurationIsVisible = 0;
			defaultConfigurationName = Release;
		};
		F67B2CE729A83868005D1FCB /* Build configuration list for PBXNativeTarget "alabappUITests" */ = {
			isa = XCConfigurationList;
			buildConfigurations = (
				F67B2CE829A83868005D1FCB /* Debug */,
				F67B2CE929A83868005D1FCB /* Release */,
			);
			defaultConfigurationIsVisible = 0;
			defaultConfigurationName = Release;
		};
/* End XCConfigurationList section */
	};
	rootObject = F67B2CB429A83865005D1FCB /* Project object */;
}
