// !$*UTF8*$!
{
	archiveVersion = 1;
	classes = {
	};
	objectVersion = 56;
	objects = {

/* Begin PBXBuildFile section */
		C819CFB029AA6E9A000E3265 /* HomeView.swift in Sources */ = {isa = PBXBuildFile; fileRef = C819CFAF29AA6E9A000E3265 /* HomeView.swift */; };
		C819CFB229AA6ED4000E3265 /* EventsView.swift in Sources */ = {isa = PBXBuildFile; fileRef = C819CFB129AA6ED4000E3265 /* EventsView.swift */; };
		C819CFB429AA6EDF000E3265 /* GiveView.swift in Sources */ = {isa = PBXBuildFile; fileRef = C819CFB329AA6EDF000E3265 /* GiveView.swift */; };
		F601B83529AA6515002BA869 /* AppDelegate.swift in Sources */ = {isa = PBXBuildFile; fileRef = F601B83429AA6515002BA869 /* AppDelegate.swift */; };
		F601B83729AA6515002BA869 /* SceneDelegate.swift in Sources */ = {isa = PBXBuildFile; fileRef = F601B83629AA6515002BA869 /* SceneDelegate.swift */; };
		F601B83929AA6515002BA869 /* ViewController.swift in Sources */ = {isa = PBXBuildFile; fileRef = F601B83829AA6515002BA869 /* ViewController.swift */; };
		F601B83C29AA6515002BA869 /* Main.storyboard in Resources */ = {isa = PBXBuildFile; fileRef = F601B83A29AA6515002BA869 /* Main.storyboard */; };
		F601B83E29AA6518002BA869 /* Assets.xcassets in Resources */ = {isa = PBXBuildFile; fileRef = F601B83D29AA6518002BA869 /* Assets.xcassets */; };
		F601B84129AA6518002BA869 /* LaunchScreen.storyboard in Resources */ = {isa = PBXBuildFile; fileRef = F601B83F29AA6518002BA869 /* LaunchScreen.storyboard */; };
		F601B84C29AA6519002BA869 /* alabappTests.swift in Sources */ = {isa = PBXBuildFile; fileRef = F601B84B29AA6519002BA869 /* alabappTests.swift */; };
		F601B85629AA6519002BA869 /* alabappUITests.swift in Sources */ = {isa = PBXBuildFile; fileRef = F601B85529AA6519002BA869 /* alabappUITests.swift */; };
		F601B85829AA6519002BA869 /* alabappUITestsLaunchTests.swift in Sources */ = {isa = PBXBuildFile; fileRef = F601B85729AA6519002BA869 /* alabappUITestsLaunchTests.swift */; };
		F601B86529AA6551002BA869 /* ContentView.swift in Sources */ = {isa = PBXBuildFile; fileRef = F601B86429AA6551002BA869 /* ContentView.swift */; };
/* End PBXBuildFile section */

/* Begin PBXContainerItemProxy section */
		F601B84829AA6519002BA869 /* PBXContainerItemProxy */ = {
			isa = PBXContainerItemProxy;
			containerPortal = F601B82929AA6515002BA869 /* Project object */;
			proxyType = 1;
			remoteGlobalIDString = F601B83029AA6515002BA869;
			remoteInfo = alabapp;
		};
		F601B85229AA6519002BA869 /* PBXContainerItemProxy */ = {
			isa = PBXContainerItemProxy;
			containerPortal = F601B82929AA6515002BA869 /* Project object */;
			proxyType = 1;
			remoteGlobalIDString = F601B83029AA6515002BA869;
			remoteInfo = alabapp;
		};
/* End PBXContainerItemProxy section */

/* Begin PBXFileReference section */
		C819CFAF29AA6E9A000E3265 /* HomeView.swift */ = {isa = PBXFileReference; lastKnownFileType = sourcecode.swift; path = HomeView.swift; sourceTree = "<group>"; };
		C819CFB129AA6ED4000E3265 /* EventsView.swift */ = {isa = PBXFileReference; lastKnownFileType = sourcecode.swift; path = EventsView.swift; sourceTree = "<group>"; };
		C819CFB329AA6EDF000E3265 /* GiveView.swift */ = {isa = PBXFileReference; lastKnownFileType = sourcecode.swift; path = GiveView.swift; sourceTree = "<group>"; };
		F601B83129AA6515002BA869 /* alabapp.app */ = {isa = PBXFileReference; explicitFileType = wrapper.application; includeInIndex = 0; path = alabapp.app; sourceTree = BUILT_PRODUCTS_DIR; };
		F601B83429AA6515002BA869 /* AppDelegate.swift */ = {isa = PBXFileReference; lastKnownFileType = sourcecode.swift; path = AppDelegate.swift; sourceTree = "<group>"; };
		F601B83629AA6515002BA869 /* SceneDelegate.swift */ = {isa = PBXFileReference; lastKnownFileType = sourcecode.swift; path = SceneDelegate.swift; sourceTree = "<group>"; };
		F601B83829AA6515002BA869 /* ViewController.swift */ = {isa = PBXFileReference; lastKnownFileType = sourcecode.swift; path = ViewController.swift; sourceTree = "<group>"; };
		F601B83B29AA6515002BA869 /* Base */ = {isa = PBXFileReference; lastKnownFileType = file.storyboard; name = Base; path = Base.lproj/Main.storyboard; sourceTree = "<group>"; };
		F601B83D29AA6518002BA869 /* Assets.xcassets */ = {isa = PBXFileReference; lastKnownFileType = folder.assetcatalog; path = Assets.xcassets; sourceTree = "<group>"; };
		F601B84029AA6518002BA869 /* Base */ = {isa = PBXFileReference; lastKnownFileType = file.storyboard; name = Base; path = Base.lproj/LaunchScreen.storyboard; sourceTree = "<group>"; };
		F601B84229AA6518002BA869 /* Info.plist */ = {isa = PBXFileReference; lastKnownFileType = text.plist.xml; path = Info.plist; sourceTree = "<group>"; };
		F601B84729AA6519002BA869 /* alabappTests.xctest */ = {isa = PBXFileReference; explicitFileType = wrapper.cfbundle; includeInIndex = 0; path = alabappTests.xctest; sourceTree = BUILT_PRODUCTS_DIR; };
		F601B84B29AA6519002BA869 /* alabappTests.swift */ = {isa = PBXFileReference; lastKnownFileType = sourcecode.swift; path = alabappTests.swift; sourceTree = "<group>"; };
		F601B85129AA6519002BA869 /* alabappUITests.xctest */ = {isa = PBXFileReference; explicitFileType = wrapper.cfbundle; includeInIndex = 0; path = alabappUITests.xctest; sourceTree = BUILT_PRODUCTS_DIR; };
		F601B85529AA6519002BA869 /* alabappUITests.swift */ = {isa = PBXFileReference; lastKnownFileType = sourcecode.swift; path = alabappUITests.swift; sourceTree = "<group>"; };
		F601B85729AA6519002BA869 /* alabappUITestsLaunchTests.swift */ = {isa = PBXFileReference; lastKnownFileType = sourcecode.swift; path = alabappUITestsLaunchTests.swift; sourceTree = "<group>"; };
		F601B86429AA6551002BA869 /* ContentView.swift */ = {isa = PBXFileReference; fileEncoding = 4; lastKnownFileType = sourcecode.swift; path = ContentView.swift; sourceTree = "<group>"; };
/* End PBXFileReference section */

/* Begin PBXFrameworksBuildPhase section */
		F601B82E29AA6515002BA869 /* Frameworks */ = {
			isa = PBXFrameworksBuildPhase;
			buildActionMask = 2147483647;
			files = (
			);
			runOnlyForDeploymentPostprocessing = 0;
		};
		F601B84429AA6519002BA869 /* Frameworks */ = {
			isa = PBXFrameworksBuildPhase;
			buildActionMask = 2147483647;
			files = (
			);
			runOnlyForDeploymentPostprocessing = 0;
		};
		F601B84E29AA6519002BA869 /* Frameworks */ = {
			isa = PBXFrameworksBuildPhase;
			buildActionMask = 2147483647;
			files = (
			);
			runOnlyForDeploymentPostprocessing = 0;
		};
/* End PBXFrameworksBuildPhase section */

/* Begin PBXGroup section */
		C819CFAE29AA6E87000E3265 /* Views */ = {
			isa = PBXGroup;
			children = (
				C819CFAF29AA6E9A000E3265 /* HomeView.swift */,
				C819CFB129AA6ED4000E3265 /* EventsView.swift */,
				C819CFB329AA6EDF000E3265 /* GiveView.swift */,
			);
			path = Views;
			sourceTree = "<group>";
		};
		F601B82829AA6515002BA869 = {
			isa = PBXGroup;
			children = (
				F601B83329AA6515002BA869 /* alabapp */,
				F601B84A29AA6519002BA869 /* alabappTests */,
				F601B85429AA6519002BA869 /* alabappUITests */,
				F601B83229AA6515002BA869 /* Products */,
			);
			sourceTree = "<group>";
		};
		F601B83229AA6515002BA869 /* Products */ = {
			isa = PBXGroup;
			children = (
				F601B83129AA6515002BA869 /* alabapp.app */,
				F601B84729AA6519002BA869 /* alabappTests.xctest */,
				F601B85129AA6519002BA869 /* alabappUITests.xctest */,
			);
			name = Products;
			sourceTree = "<group>";
		};
		F601B83329AA6515002BA869 /* alabapp */ = {
			isa = PBXGroup;
			children = (
				C819CFAE29AA6E87000E3265 /* Views */,
				F601B83429AA6515002BA869 /* AppDelegate.swift */,
				F601B83629AA6515002BA869 /* SceneDelegate.swift */,
				F601B83829AA6515002BA869 /* ViewController.swift */,
				F601B83A29AA6515002BA869 /* Main.storyboard */,
				F601B86429AA6551002BA869 /* ContentView.swift */,
				F601B83D29AA6518002BA869 /* Assets.xcassets */,
				F601B83F29AA6518002BA869 /* LaunchScreen.storyboard */,
				F601B84229AA6518002BA869 /* Info.plist */,
			);
			path = alabapp;
			sourceTree = "<group>";
		};
		F601B84A29AA6519002BA869 /* alabappTests */ = {
			isa = PBXGroup;
			children = (
				F601B84B29AA6519002BA869 /* alabappTests.swift */,
			);
			path = alabappTests;
			sourceTree = "<group>";
		};
		F601B85429AA6519002BA869 /* alabappUITests */ = {
			isa = PBXGroup;
			children = (
				F601B85529AA6519002BA869 /* alabappUITests.swift */,
				F601B85729AA6519002BA869 /* alabappUITestsLaunchTests.swift */,
			);
			path = alabappUITests;
			sourceTree = "<group>";
		};
/* End PBXGroup section */

/* Begin PBXNativeTarget section */
		F601B83029AA6515002BA869 /* alabapp */ = {
			isa = PBXNativeTarget;
			buildConfigurationList = F601B85B29AA6519002BA869 /* Build configuration list for PBXNativeTarget "alabapp" */;
			buildPhases = (
				F601B82D29AA6515002BA869 /* Sources */,
				F601B82E29AA6515002BA869 /* Frameworks */,
				F601B82F29AA6515002BA869 /* Resources */,
			);
			buildRules = (
			);
			dependencies = (
			);
			name = alabapp;
			productName = alabapp;
			productReference = F601B83129AA6515002BA869 /* alabapp.app */;
			productType = "com.apple.product-type.application";
		};
		F601B84629AA6519002BA869 /* alabappTests */ = {
			isa = PBXNativeTarget;
			buildConfigurationList = F601B85E29AA6519002BA869 /* Build configuration list for PBXNativeTarget "alabappTests" */;
			buildPhases = (
				F601B84329AA6519002BA869 /* Sources */,
				F601B84429AA6519002BA869 /* Frameworks */,
				F601B84529AA6519002BA869 /* Resources */,
			);
			buildRules = (
			);
			dependencies = (
				F601B84929AA6519002BA869 /* PBXTargetDependency */,
			);
			name = alabappTests;
			productName = alabappTests;
			productReference = F601B84729AA6519002BA869 /* alabappTests.xctest */;
			productType = "com.apple.product-type.bundle.unit-test";
		};
		F601B85029AA6519002BA869 /* alabappUITests */ = {
			isa = PBXNativeTarget;
			buildConfigurationList = F601B86129AA6519002BA869 /* Build configuration list for PBXNativeTarget "alabappUITests" */;
			buildPhases = (
				F601B84D29AA6519002BA869 /* Sources */,
				F601B84E29AA6519002BA869 /* Frameworks */,
				F601B84F29AA6519002BA869 /* Resources */,
			);
			buildRules = (
			);
			dependencies = (
				F601B85329AA6519002BA869 /* PBXTargetDependency */,
			);
			name = alabappUITests;
			productName = alabappUITests;
			productReference = F601B85129AA6519002BA869 /* alabappUITests.xctest */;
			productType = "com.apple.product-type.bundle.ui-testing";
		};
/* End PBXNativeTarget section */

/* Begin PBXProject section */
		F601B82929AA6515002BA869 /* Project object */ = {
			isa = PBXProject;
			attributes = {
				BuildIndependentTargetsInParallel = 1;
				LastSwiftUpdateCheck = 1420;
				LastUpgradeCheck = 1420;
				TargetAttributes = {
					F601B83029AA6515002BA869 = {
						CreatedOnToolsVersion = 14.2;
					};
					F601B84629AA6519002BA869 = {
						CreatedOnToolsVersion = 14.2;
						TestTargetID = F601B83029AA6515002BA869;
					};
					F601B85029AA6519002BA869 = {
						CreatedOnToolsVersion = 14.2;
						TestTargetID = F601B83029AA6515002BA869;
					};
				};
			};
			buildConfigurationList = F601B82C29AA6515002BA869 /* Build configuration list for PBXProject "alabapp" */;
			compatibilityVersion = "Xcode 14.0";
			developmentRegion = en;
			hasScannedForEncodings = 0;
			knownRegions = (
				en,
				Base,
			);
			mainGroup = F601B82829AA6515002BA869;
			productRefGroup = F601B83229AA6515002BA869 /* Products */;
			projectDirPath = "";
			projectRoot = "";
			targets = (
				F601B83029AA6515002BA869 /* alabapp */,
				F601B84629AA6519002BA869 /* alabappTests */,
				F601B85029AA6519002BA869 /* alabappUITests */,
			);
		};
/* End PBXProject section */

/* Begin PBXResourcesBuildPhase section */
		F601B82F29AA6515002BA869 /* Resources */ = {
			isa = PBXResourcesBuildPhase;
			buildActionMask = 2147483647;
			files = (
				F601B84129AA6518002BA869 /* LaunchScreen.storyboard in Resources */,
				F601B83E29AA6518002BA869 /* Assets.xcassets in Resources */,
				F601B83C29AA6515002BA869 /* Main.storyboard in Resources */,
			);
			runOnlyForDeploymentPostprocessing = 0;
		};
		F601B84529AA6519002BA869 /* Resources */ = {
			isa = PBXResourcesBuildPhase;
			buildActionMask = 2147483647;
			files = (
			);
			runOnlyForDeploymentPostprocessing = 0;
		};
		F601B84F29AA6519002BA869 /* Resources */ = {
			isa = PBXResourcesBuildPhase;
			buildActionMask = 2147483647;
			files = (
			);
			runOnlyForDeploymentPostprocessing = 0;
		};
/* End PBXResourcesBuildPhase section */

/* Begin PBXSourcesBuildPhase section */
		F601B82D29AA6515002BA869 /* Sources */ = {
			isa = PBXSourcesBuildPhase;
			buildActionMask = 2147483647;
			files = (
				F601B83929AA6515002BA869 /* ViewController.swift in Sources */,
				C819CFB429AA6EDF000E3265 /* GiveView.swift in Sources */,
				F601B83529AA6515002BA869 /* AppDelegate.swift in Sources */,
				F601B86529AA6551002BA869 /* ContentView.swift in Sources */,
				C819CFB029AA6E9A000E3265 /* HomeView.swift in Sources */,
				F601B83729AA6515002BA869 /* SceneDelegate.swift in Sources */,
				C819CFB229AA6ED4000E3265 /* EventsView.swift in Sources */,
			);
			runOnlyForDeploymentPostprocessing = 0;
		};
		F601B84329AA6519002BA869 /* Sources */ = {
			isa = PBXSourcesBuildPhase;
			buildActionMask = 2147483647;
			files = (
				F601B84C29AA6519002BA869 /* alabappTests.swift in Sources */,
			);
			runOnlyForDeploymentPostprocessing = 0;
		};
		F601B84D29AA6519002BA869 /* Sources */ = {
			isa = PBXSourcesBuildPhase;
			buildActionMask = 2147483647;
			files = (
				F601B85829AA6519002BA869 /* alabappUITestsLaunchTests.swift in Sources */,
				F601B85629AA6519002BA869 /* alabappUITests.swift in Sources */,
			);
			runOnlyForDeploymentPostprocessing = 0;
		};
/* End PBXSourcesBuildPhase section */

/* Begin PBXTargetDependency section */
		F601B84929AA6519002BA869 /* PBXTargetDependency */ = {
			isa = PBXTargetDependency;
			target = F601B83029AA6515002BA869 /* alabapp */;
			targetProxy = F601B84829AA6519002BA869 /* PBXContainerItemProxy */;
		};
		F601B85329AA6519002BA869 /* PBXTargetDependency */ = {
			isa = PBXTargetDependency;
			target = F601B83029AA6515002BA869 /* alabapp */;
			targetProxy = F601B85229AA6519002BA869 /* PBXContainerItemProxy */;
		};
/* End PBXTargetDependency section */

/* Begin PBXVariantGroup section */
		F601B83A29AA6515002BA869 /* Main.storyboard */ = {
			isa = PBXVariantGroup;
			children = (
				F601B83B29AA6515002BA869 /* Base */,
			);
			name = Main.storyboard;
			sourceTree = "<group>";
		};
		F601B83F29AA6518002BA869 /* LaunchScreen.storyboard */ = {
			isa = PBXVariantGroup;
			children = (
				F601B84029AA6518002BA869 /* Base */,
			);
			name = LaunchScreen.storyboard;
			sourceTree = "<group>";
		};
/* End PBXVariantGroup section */

/* Begin XCBuildConfiguration section */
		F601B85929AA6519002BA869 /* Debug */ = {
			isa = XCBuildConfiguration;
			buildSettings = {
				ALWAYS_SEARCH_USER_PATHS = NO;
				CLANG_ANALYZER_NONNULL = YES;
				CLANG_ANALYZER_NUMBER_OBJECT_CONVERSION = YES_AGGRESSIVE;
				CLANG_CXX_LANGUAGE_STANDARD = "gnu++20";
				CLANG_ENABLE_MODULES = YES;
				CLANG_ENABLE_OBJC_ARC = YES;
				CLANG_ENABLE_OBJC_WEAK = YES;
				CLANG_WARN_BLOCK_CAPTURE_AUTORELEASING = YES;
				CLANG_WARN_BOOL_CONVERSION = YES;
				CLANG_WARN_COMMA = YES;
				CLANG_WARN_CONSTANT_CONVERSION = YES;
				CLANG_WARN_DEPRECATED_OBJC_IMPLEMENTATIONS = YES;
				CLANG_WARN_DIRECT_OBJC_ISA_USAGE = YES_ERROR;
				CLANG_WARN_DOCUMENTATION_COMMENTS = YES;
				CLANG_WARN_EMPTY_BODY = YES;
				CLANG_WARN_ENUM_CONVERSION = YES;
				CLANG_WARN_INFINITE_RECURSION = YES;
				CLANG_WARN_INT_CONVERSION = YES;
				CLANG_WARN_NON_LITERAL_NULL_CONVERSION = YES;
				CLANG_WARN_OBJC_IMPLICIT_RETAIN_SELF = YES;
				CLANG_WARN_OBJC_LITERAL_CONVERSION = YES;
				CLANG_WARN_OBJC_ROOT_CLASS = YES_ERROR;
				CLANG_WARN_QUOTED_INCLUDE_IN_FRAMEWORK_HEADER = YES;
				CLANG_WARN_RANGE_LOOP_ANALYSIS = YES;
				CLANG_WARN_STRICT_PROTOTYPES = YES;
				CLANG_WARN_SUSPICIOUS_MOVE = YES;
				CLANG_WARN_UNGUARDED_AVAILABILITY = YES_AGGRESSIVE;
				CLANG_WARN_UNREACHABLE_CODE = YES;
				CLANG_WARN__DUPLICATE_METHOD_MATCH = YES;
				COPY_PHASE_STRIP = NO;
				DEBUG_INFORMATION_FORMAT = dwarf;
				ENABLE_STRICT_OBJC_MSGSEND = YES;
				ENABLE_TESTABILITY = YES;
				GCC_C_LANGUAGE_STANDARD = gnu11;
				GCC_DYNAMIC_NO_PIC = NO;
				GCC_NO_COMMON_BLOCKS = YES;
				GCC_OPTIMIZATION_LEVEL = 0;
				GCC_PREPROCESSOR_DEFINITIONS = (
					"DEBUG=1",
					"$(inherited)",
				);
				GCC_WARN_64_TO_32_BIT_CONVERSION = YES;
				GCC_WARN_ABOUT_RETURN_TYPE = YES_ERROR;
				GCC_WARN_UNDECLARED_SELECTOR = YES;
				GCC_WARN_UNINITIALIZED_AUTOS = YES_AGGRESSIVE;
				GCC_WARN_UNUSED_FUNCTION = YES;
				GCC_WARN_UNUSED_VARIABLE = YES;
				IPHONEOS_DEPLOYMENT_TARGET = 16.2;
				MTL_ENABLE_DEBUG_INFO = INCLUDE_SOURCE;
				MTL_FAST_MATH = YES;
				ONLY_ACTIVE_ARCH = YES;
				SDKROOT = iphoneos;
				SWIFT_ACTIVE_COMPILATION_CONDITIONS = DEBUG;
				SWIFT_OPTIMIZATION_LEVEL = "-Onone";
			};
			name = Debug;
		};
		F601B85A29AA6519002BA869 /* Release */ = {
			isa = XCBuildConfiguration;
			buildSettings = {
				ALWAYS_SEARCH_USER_PATHS = NO;
				CLANG_ANALYZER_NONNULL = YES;
				CLANG_ANALYZER_NUMBER_OBJECT_CONVERSION = YES_AGGRESSIVE;
				CLANG_CXX_LANGUAGE_STANDARD = "gnu++20";
				CLANG_ENABLE_MODULES = YES;
				CLANG_ENABLE_OBJC_ARC = YES;
				CLANG_ENABLE_OBJC_WEAK = YES;
				CLANG_WARN_BLOCK_CAPTURE_AUTORELEASING = YES;
				CLANG_WARN_BOOL_CONVERSION = YES;
				CLANG_WARN_COMMA = YES;
				CLANG_WARN_CONSTANT_CONVERSION = YES;
				CLANG_WARN_DEPRECATED_OBJC_IMPLEMENTATIONS = YES;
				CLANG_WARN_DIRECT_OBJC_ISA_USAGE = YES_ERROR;
				CLANG_WARN_DOCUMENTATION_COMMENTS = YES;
				CLANG_WARN_EMPTY_BODY = YES;
				CLANG_WARN_ENUM_CONVERSION = YES;
				CLANG_WARN_INFINITE_RECURSION = YES;
				CLANG_WARN_INT_CONVERSION = YES;
				CLANG_WARN_NON_LITERAL_NULL_CONVERSION = YES;
				CLANG_WARN_OBJC_IMPLICIT_RETAIN_SELF = YES;
				CLANG_WARN_OBJC_LITERAL_CONVERSION = YES;
				CLANG_WARN_OBJC_ROOT_CLASS = YES_ERROR;
				CLANG_WARN_QUOTED_INCLUDE_IN_FRAMEWORK_HEADER = YES;
				CLANG_WARN_RANGE_LOOP_ANALYSIS = YES;
				CLANG_WARN_STRICT_PROTOTYPES = YES;
				CLANG_WARN_SUSPICIOUS_MOVE = YES;
				CLANG_WARN_UNGUARDED_AVAILABILITY = YES_AGGRESSIVE;
				CLANG_WARN_UNREACHABLE_CODE = YES;
				CLANG_WARN__DUPLICATE_METHOD_MATCH = YES;
				COPY_PHASE_STRIP = NO;
				DEBUG_INFORMATION_FORMAT = "dwarf-with-dsym";
				ENABLE_NS_ASSERTIONS = NO;
				ENABLE_STRICT_OBJC_MSGSEND = YES;
				GCC_C_LANGUAGE_STANDARD = gnu11;
				GCC_NO_COMMON_BLOCKS = YES;
				GCC_WARN_64_TO_32_BIT_CONVERSION = YES;
				GCC_WARN_ABOUT_RETURN_TYPE = YES_ERROR;
				GCC_WARN_UNDECLARED_SELECTOR = YES;
				GCC_WARN_UNINITIALIZED_AUTOS = YES_AGGRESSIVE;
				GCC_WARN_UNUSED_FUNCTION = YES;
				GCC_WARN_UNUSED_VARIABLE = YES;
				IPHONEOS_DEPLOYMENT_TARGET = 16.2;
				MTL_ENABLE_DEBUG_INFO = NO;
				MTL_FAST_MATH = YES;
				SDKROOT = iphoneos;
				SWIFT_COMPILATION_MODE = wholemodule;
				SWIFT_OPTIMIZATION_LEVEL = "-O";
				VALIDATE_PRODUCT = YES;
			};
			name = Release;
		};
		F601B85C29AA6519002BA869 /* Debug */ = {
			isa = XCBuildConfiguration;
			buildSettings = {
				ASSETCATALOG_COMPILER_APPICON_NAME = AppIcon;
				ASSETCATALOG_COMPILER_GLOBAL_ACCENT_COLOR_NAME = AccentColor;
				CODE_SIGN_STYLE = Automatic;
				CURRENT_PROJECT_VERSION = 1;
				DEVELOPMENT_TEAM = 63JWG7D59H;
				GENERATE_INFOPLIST_FILE = YES;
				INFOPLIST_FILE = alabapp/Info.plist;
				INFOPLIST_KEY_UIApplicationSupportsIndirectInputEvents = YES;
				INFOPLIST_KEY_UILaunchStoryboardName = LaunchScreen;
				INFOPLIST_KEY_UIMainStoryboardFile = Main;
				INFOPLIST_KEY_UISupportedInterfaceOrientations_iPad = "UIInterfaceOrientationPortrait UIInterfaceOrientationPortraitUpsideDown UIInterfaceOrientationLandscapeLeft UIInterfaceOrientationLandscapeRight";
				INFOPLIST_KEY_UISupportedInterfaceOrientations_iPhone = "UIInterfaceOrientationPortrait UIInterfaceOrientationLandscapeLeft UIInterfaceOrientationLandscapeRight";
				LD_RUNPATH_SEARCH_PATHS = (
					"$(inherited)",
					"@executable_path/Frameworks",
				);
				MARKETING_VERSION = 1.0;
				PRODUCT_BUNDLE_IDENTIFIER = com.alabastergroup.com.alabapp;
				PRODUCT_NAME = "$(TARGET_NAME)";
				SWIFT_EMIT_LOC_STRINGS = YES;
				SWIFT_VERSION = 5.0;
				TARGETED_DEVICE_FAMILY = "1,2";
			};
			name = Debug;
		};
		F601B85D29AA6519002BA869 /* Release */ = {
			isa = XCBuildConfiguration;
			buildSettings = {
				ASSETCATALOG_COMPILER_APPICON_NAME = AppIcon;
				ASSETCATALOG_COMPILER_GLOBAL_ACCENT_COLOR_NAME = AccentColor;
				CODE_SIGN_STYLE = Automatic;
				CURRENT_PROJECT_VERSION = 1;
				DEVELOPMENT_TEAM = 63JWG7D59H;
				GENERATE_INFOPLIST_FILE = YES;
				INFOPLIST_FILE = alabapp/Info.plist;
				INFOPLIST_KEY_UIApplicationSupportsIndirectInputEvents = YES;
				INFOPLIST_KEY_UILaunchStoryboardName = LaunchScreen;
				INFOPLIST_KEY_UIMainStoryboardFile = Main;
				INFOPLIST_KEY_UISupportedInterfaceOrientations_iPad = "UIInterfaceOrientationPortrait UIInterfaceOrientationPortraitUpsideDown UIInterfaceOrientationLandscapeLeft UIInterfaceOrientationLandscapeRight";
				INFOPLIST_KEY_UISupportedInterfaceOrientations_iPhone = "UIInterfaceOrientationPortrait UIInterfaceOrientationLandscapeLeft UIInterfaceOrientationLandscapeRight";
				LD_RUNPATH_SEARCH_PATHS = (
					"$(inherited)",
					"@executable_path/Frameworks",
				);
				MARKETING_VERSION = 1.0;
				PRODUCT_BUNDLE_IDENTIFIER = com.alabastergroup.com.alabapp;
				PRODUCT_NAME = "$(TARGET_NAME)";
				SWIFT_EMIT_LOC_STRINGS = YES;
				SWIFT_VERSION = 5.0;
				TARGETED_DEVICE_FAMILY = "1,2";
			};
			name = Release;
		};
		F601B85F29AA6519002BA869 /* Debug */ = {
			isa = XCBuildConfiguration;
			buildSettings = {
				ALWAYS_EMBED_SWIFT_STANDARD_LIBRARIES = YES;
				BUNDLE_LOADER = "$(TEST_HOST)";
				CODE_SIGN_STYLE = Automatic;
				CURRENT_PROJECT_VERSION = 1;
				DEVELOPMENT_TEAM = 63JWG7D59H;
				GENERATE_INFOPLIST_FILE = YES;
				IPHONEOS_DEPLOYMENT_TARGET = 16.2;
				MARKETING_VERSION = 1.0;
				PRODUCT_BUNDLE_IDENTIFIER = com.alabastergroup.com.alabappTests;
				PRODUCT_NAME = "$(TARGET_NAME)";
				SWIFT_EMIT_LOC_STRINGS = NO;
				SWIFT_VERSION = 5.0;
				TARGETED_DEVICE_FAMILY = "1,2";
				TEST_HOST = "$(BUILT_PRODUCTS_DIR)/alabapp.app/$(BUNDLE_EXECUTABLE_FOLDER_PATH)/alabapp";
			};
			name = Debug;
		};
		F601B86029AA6519002BA869 /* Release */ = {
			isa = XCBuildConfiguration;
			buildSettings = {
				ALWAYS_EMBED_SWIFT_STANDARD_LIBRARIES = YES;
				BUNDLE_LOADER = "$(TEST_HOST)";
				CODE_SIGN_STYLE = Automatic;
				CURRENT_PROJECT_VERSION = 1;
				DEVELOPMENT_TEAM = 63JWG7D59H;
				GENERATE_INFOPLIST_FILE = YES;
				IPHONEOS_DEPLOYMENT_TARGET = 16.2;
				MARKETING_VERSION = 1.0;
				PRODUCT_BUNDLE_IDENTIFIER = com.alabastergroup.com.alabappTests;
				PRODUCT_NAME = "$(TARGET_NAME)";
				SWIFT_EMIT_LOC_STRINGS = NO;
				SWIFT_VERSION = 5.0;
				TARGETED_DEVICE_FAMILY = "1,2";
				TEST_HOST = "$(BUILT_PRODUCTS_DIR)/alabapp.app/$(BUNDLE_EXECUTABLE_FOLDER_PATH)/alabapp";
			};
			name = Release;
		};
		F601B86229AA6519002BA869 /* Debug */ = {
			isa = XCBuildConfiguration;
			buildSettings = {
				ALWAYS_EMBED_SWIFT_STANDARD_LIBRARIES = YES;
				CODE_SIGN_STYLE = Automatic;
				CURRENT_PROJECT_VERSION = 1;
				DEVELOPMENT_TEAM = 63JWG7D59H;
				GENERATE_INFOPLIST_FILE = YES;
				MARKETING_VERSION = 1.0;
				PRODUCT_BUNDLE_IDENTIFIER = com.alabastergroup.com.alabappUITests;
				PRODUCT_NAME = "$(TARGET_NAME)";
				SWIFT_EMIT_LOC_STRINGS = NO;
				SWIFT_VERSION = 5.0;
				TARGETED_DEVICE_FAMILY = "1,2";
				TEST_TARGET_NAME = alabapp;
			};
			name = Debug;
		};
		F601B86329AA6519002BA869 /* Release */ = {
			isa = XCBuildConfiguration;
			buildSettings = {
				ALWAYS_EMBED_SWIFT_STANDARD_LIBRARIES = YES;
				CODE_SIGN_STYLE = Automatic;
				CURRENT_PROJECT_VERSION = 1;
				DEVELOPMENT_TEAM = 63JWG7D59H;
				GENERATE_INFOPLIST_FILE = YES;
				MARKETING_VERSION = 1.0;
				PRODUCT_BUNDLE_IDENTIFIER = com.alabastergroup.com.alabappUITests;
				PRODUCT_NAME = "$(TARGET_NAME)";
				SWIFT_EMIT_LOC_STRINGS = NO;
				SWIFT_VERSION = 5.0;
				TARGETED_DEVICE_FAMILY = "1,2";
				TEST_TARGET_NAME = alabapp;
			};
			name = Release;
		};
/* End XCBuildConfiguration section */

/* Begin XCConfigurationList section */
		F601B82C29AA6515002BA869 /* Build configuration list for PBXProject "alabapp" */ = {
			isa = XCConfigurationList;
			buildConfigurations = (
				F601B85929AA6519002BA869 /* Debug */,
				F601B85A29AA6519002BA869 /* Release */,
			);
			defaultConfigurationIsVisible = 0;
			defaultConfigurationName = Release;
		};
		F601B85B29AA6519002BA869 /* Build configuration list for PBXNativeTarget "alabapp" */ = {
			isa = XCConfigurationList;
			buildConfigurations = (
				F601B85C29AA6519002BA869 /* Debug */,
				F601B85D29AA6519002BA869 /* Release */,
			);
			defaultConfigurationIsVisible = 0;
			defaultConfigurationName = Release;
		};
		F601B85E29AA6519002BA869 /* Build configuration list for PBXNativeTarget "alabappTests" */ = {
			isa = XCConfigurationList;
			buildConfigurations = (
				F601B85F29AA6519002BA869 /* Debug */,
				F601B86029AA6519002BA869 /* Release */,
			);
			defaultConfigurationIsVisible = 0;
			defaultConfigurationName = Release;
		};
		F601B86129AA6519002BA869 /* Build configuration list for PBXNativeTarget "alabappUITests" */ = {
			isa = XCConfigurationList;
			buildConfigurations = (
				F601B86229AA6519002BA869 /* Debug */,
				F601B86329AA6519002BA869 /* Release */,
			);
			defaultConfigurationIsVisible = 0;
			defaultConfigurationName = Release;
		};
/* End XCConfigurationList section */
	};
	rootObject = F601B82929AA6515002BA869 /* Project object */;
}
